github.com/HockeyQuebec/RobTycoon v0.0.0-20240918033935-e2360e28aa60 h1:Z7g2NUZHY6NdyeVCoDqa9O0Ngh3tfIpj94Adw+SSxFM=
github.com/HockeyQuebec/RobTycoon v0.0.0-20240918033935-e2360e28aa60/go.mod h1:1Yol4RBkG0XeEC2CbeAjEoNUt8yR1J3AbRZofS/SZU0=
github.com/inconshreveable/go-update v0.0.0-20160112193335-8152e7eb6ccf h1:WfD7VjIE6z8dIvMsI4/s+1qr5EL+zoIGev1BQj1eoJ8=
github.com/inconshreveable/go-update v0.0.0-20160112193335-8152e7eb6ccf/go.mod h1:hyb9oH7vZsitZCiBt0ZvifOrB+qc8PS5IiilCIb87rg=
